// !$*UTF8*$!
{
	archiveVersion = 1;
	classes = {
	};
	objectVersion = 56;
	objects = {

/* Begin PBXBuildFile section */
		B1FE1B092C0F550B0058D9B8 /* AppDelegate.m in Sources */ = {isa = PBXBuildFile; fileRef = B1FE1B082C0F550B0058D9B8 /* AppDelegate.m */; };
		B1FE1B0C2C0F550B0058D9B8 /* SceneDelegate.m in Sources */ = {isa = PBXBuildFile; fileRef = B1FE1B0B2C0F550B0058D9B8 /* SceneDelegate.m */; };
		B1FE1B0F2C0F550B0058D9B8 /* ViewController.m in Sources */ = {isa = PBXBuildFile; fileRef = B1FE1B0E2C0F550B0058D9B8 /* ViewController.m */; };
		B1FE1B122C0F550B0058D9B8 /* Base in Resources */ = {isa = PBXBuildFile; fileRef = B1FE1B112C0F550B0058D9B8 /* Base */; };
		B1FE1B142C0F550D0058D9B8 /* Assets.xcassets in Resources */ = {isa = PBXBuildFile; fileRef = B1FE1B132C0F550D0058D9B8 /* Assets.xcassets */; };
		B1FE1B172C0F550D0058D9B8 /* Base in Resources */ = {isa = PBXBuildFile; fileRef = B1FE1B162C0F550D0058D9B8 /* Base */; };
		B1FE1B1A2C0F550D0058D9B8 /* main.m in Sources */ = {isa = PBXBuildFile; fileRef = B1FE1B192C0F550D0058D9B8 /* main.m */; };
		B1FE1B252C0F55FB0058D9B8 /* librapidsnark-fr-fq.a in Frameworks */ = {isa = PBXBuildFile; fileRef = B1FE1B202C0F55FB0058D9B8 /* librapidsnark-fr-fq.a */; };
		B1FE1B272C0F55FB0058D9B8 /* witness.wtns in Resources */ = {isa = PBXBuildFile; fileRef = B1FE1B232C0F55FB0058D9B8 /* witness.wtns */; };
		B1FE1B292C0F58580058D9B8 /* multiplier2_0001.zkey in Resources */ = {isa = PBXBuildFile; fileRef = B1FE1B282C0F58580058D9B8 /* multiplier2_0001.zkey */; };
		B1FE1B2C2C0F5B690058D9B8 /* libc++.tbd in Frameworks */ = {isa = PBXBuildFile; fileRef = B1FE1B2B2C0F5B3D0058D9B8 /* libc++.tbd */; };
		B1FE1B2E2C0F5BC40058D9B8 /* libgmp.a in Frameworks */ = {isa = PBXBuildFile; fileRef = B1FE1B2D2C0F5BC40058D9B8 /* libgmp.a */; };
/* End PBXBuildFile section */

/* Begin PBXFileReference section */
		B1FE1B042C0F550B0058D9B8 /* prover.app */ = {isa = PBXFileReference; explicitFileType = wrapper.application; includeInIndex = 0; path = prover.app; sourceTree = BUILT_PRODUCTS_DIR; };
		B1FE1B072C0F550B0058D9B8 /* AppDelegate.h */ = {isa = PBXFileReference; lastKnownFileType = sourcecode.c.h; path = AppDelegate.h; sourceTree = "<group>"; };
		B1FE1B082C0F550B0058D9B8 /* AppDelegate.m */ = {isa = PBXFileReference; lastKnownFileType = sourcecode.c.objc; path = AppDelegate.m; sourceTree = "<group>"; };
		B1FE1B0A2C0F550B0058D9B8 /* SceneDelegate.h */ = {isa = PBXFileReference; lastKnownFileType = sourcecode.c.h; path = SceneDelegate.h; sourceTree = "<group>"; };
		B1FE1B0B2C0F550B0058D9B8 /* SceneDelegate.m */ = {isa = PBXFileReference; lastKnownFileType = sourcecode.c.objc; path = SceneDelegate.m; sourceTree = "<group>"; };
		B1FE1B0D2C0F550B0058D9B8 /* ViewController.h */ = {isa = PBXFileReference; lastKnownFileType = sourcecode.c.h; path = ViewController.h; sourceTree = "<group>"; };
		B1FE1B0E2C0F550B0058D9B8 /* ViewController.m */ = {isa = PBXFileReference; lastKnownFileType = sourcecode.c.objc; path = ViewController.m; sourceTree = "<group>"; };
		B1FE1B112C0F550B0058D9B8 /* Base */ = {isa = PBXFileReference; lastKnownFileType = file.storyboard; name = Base; path = Base.lproj/Main.storyboard; sourceTree = "<group>"; };
		B1FE1B132C0F550D0058D9B8 /* Assets.xcassets */ = {isa = PBXFileReference; lastKnownFileType = folder.assetcatalog; path = Assets.xcassets; sourceTree = "<group>"; };
		B1FE1B162C0F550D0058D9B8 /* Base */ = {isa = PBXFileReference; lastKnownFileType = file.storyboard; name = Base; path = Base.lproj/LaunchScreen.storyboard; sourceTree = "<group>"; };
		B1FE1B182C0F550D0058D9B8 /* Info.plist */ = {isa = PBXFileReference; lastKnownFileType = text.plist.xml; path = Info.plist; sourceTree = "<group>"; };
		B1FE1B192C0F550D0058D9B8 /* main.m */ = {isa = PBXFileReference; lastKnownFileType = sourcecode.c.objc; path = main.m; sourceTree = "<group>"; };
		B1FE1B202C0F55FB0058D9B8 /* librapidsnark-fr-fq.a */ = {isa = PBXFileReference; lastKnownFileType = archive.ar; path = "librapidsnark-fr-fq.a"; sourceTree = "<group>"; };
		B1FE1B222C0F55FB0058D9B8 /* prover.h */ = {isa = PBXFileReference; fileEncoding = 4; lastKnownFileType = sourcecode.c.h; path = prover.h; sourceTree = "<group>"; };
		B1FE1B232C0F55FB0058D9B8 /* witness.wtns */ = {isa = PBXFileReference; lastKnownFileType = file; path = witness.wtns; sourceTree = "<group>"; };
		B1FE1B282C0F58580058D9B8 /* multiplier2_0001.zkey */ = {isa = PBXFileReference; lastKnownFileType = file; path = multiplier2_0001.zkey; sourceTree = "<group>"; };
		B1FE1B2B2C0F5B3D0058D9B8 /* libc++.tbd */ = {isa = PBXFileReference; lastKnownFileType = "sourcecode.text-based-dylib-definition"; name = "libc++.tbd"; path = "usr/lib/libc++.tbd"; sourceTree = SDKROOT; };
		B1FE1B2D2C0F5BC40058D9B8 /* libgmp.a */ = {isa = PBXFileReference; lastKnownFileType = archive.ar; path = libgmp.a; sourceTree = "<group>"; };
/* End PBXFileReference section */

/* Begin PBXFrameworksBuildPhase section */
		B1FE1B012C0F550B0058D9B8 /* Frameworks */ = {
			isa = PBXFrameworksBuildPhase;
			buildActionMask = 2147483647;
			files = (
				B1FE1B2C2C0F5B690058D9B8 /* libc++.tbd in Frameworks */,
				B1FE1B2E2C0F5BC40058D9B8 /* libgmp.a in Frameworks */,
				B1FE1B252C0F55FB0058D9B8 /* librapidsnark-fr-fq.a in Frameworks */,
			);
			runOnlyForDeploymentPostprocessing = 0;
		};
/* End PBXFrameworksBuildPhase section */

/* Begin PBXGroup section */
		B1FE1AFB2C0F550B0058D9B8 = {
			isa = PBXGroup;
			children = (
				B1FE1B242C0F55FB0058D9B8 /* cpp */,
				B1FE1B062C0F550B0058D9B8 /* prover */,
				B1FE1B052C0F550B0058D9B8 /* Products */,
				B1FE1B2A2C0F5B3D0058D9B8 /* Frameworks */,
			);
			sourceTree = "<group>";
		};
		B1FE1B052C0F550B0058D9B8 /* Products */ = {
			isa = PBXGroup;
			children = (
				B1FE1B042C0F550B0058D9B8 /* prover.app */,
			);
			name = Products;
			sourceTree = "<group>";
		};
		B1FE1B062C0F550B0058D9B8 /* prover */ = {
			isa = PBXGroup;
			children = (
				B1FE1B072C0F550B0058D9B8 /* AppDelegate.h */,
				B1FE1B082C0F550B0058D9B8 /* AppDelegate.m */,
				B1FE1B0A2C0F550B0058D9B8 /* SceneDelegate.h */,
				B1FE1B0B2C0F550B0058D9B8 /* SceneDelegate.m */,
				B1FE1B0D2C0F550B0058D9B8 /* ViewController.h */,
				B1FE1B0E2C0F550B0058D9B8 /* ViewController.m */,
				B1FE1B102C0F550B0058D9B8 /* Main.storyboard */,
				B1FE1B132C0F550D0058D9B8 /* Assets.xcassets */,
				B1FE1B152C0F550D0058D9B8 /* LaunchScreen.storyboard */,
				B1FE1B182C0F550D0058D9B8 /* Info.plist */,
				B1FE1B192C0F550D0058D9B8 /* main.m */,
			);
			path = prover;
			sourceTree = "<group>";
		};
		B1FE1B242C0F55FB0058D9B8 /* cpp */ = {
			isa = PBXGroup;
			children = (
				B1FE1B202C0F55FB0058D9B8 /* librapidsnark-fr-fq.a */,
				B1FE1B282C0F58580058D9B8 /* multiplier2_0001.zkey */,
				B1FE1B2D2C0F5BC40058D9B8 /* libgmp.a */,
				B1FE1B222C0F55FB0058D9B8 /* prover.h */,
				B1FE1B232C0F55FB0058D9B8 /* witness.wtns */,
			);
			path = cpp;
			sourceTree = "<group>";
		};
		B1FE1B2A2C0F5B3D0058D9B8 /* Frameworks */ = {
			isa = PBXGroup;
			children = (
				B1FE1B2B2C0F5B3D0058D9B8 /* libc++.tbd */,
			);
			name = Frameworks;
			sourceTree = "<group>";
		};
/* End PBXGroup section */

/* Begin PBXNativeTarget section */
		B1FE1B032C0F550B0058D9B8 /* prover */ = {
			isa = PBXNativeTarget;
			buildConfigurationList = B1FE1B1D2C0F550D0058D9B8 /* Build configuration list for PBXNativeTarget "prover" */;
			buildPhases = (
				B1FE1B002C0F550B0058D9B8 /* Sources */,
				B1FE1B012C0F550B0058D9B8 /* Frameworks */,
				B1FE1B022C0F550B0058D9B8 /* Resources */,
			);
			buildRules = (
			);
			dependencies = (
			);
			name = prover;
			productName = prover;
			productReference = B1FE1B042C0F550B0058D9B8 /* prover.app */;
			productType = "com.apple.product-type.application";
		};
/* End PBXNativeTarget section */

/* Begin PBXProject section */
		B1FE1AFC2C0F550B0058D9B8 /* Project object */ = {
			isa = PBXProject;
			attributes = {
				BuildIndependentTargetsInParallel = 1;
				LastUpgradeCheck = 1540;
				TargetAttributes = {
					B1FE1B032C0F550B0058D9B8 = {
						CreatedOnToolsVersion = 15.4;
					};
				};
			};
			buildConfigurationList = B1FE1AFF2C0F550B0058D9B8 /* Build configuration list for PBXProject "prover" */;
			compatibilityVersion = "Xcode 14.0";
			developmentRegion = en;
			hasScannedForEncodings = 0;
			knownRegions = (
				en,
				Base,
			);
			mainGroup = B1FE1AFB2C0F550B0058D9B8;
			productRefGroup = B1FE1B052C0F550B0058D9B8 /* Products */;
			projectDirPath = "";
			projectRoot = "";
			targets = (
				B1FE1B032C0F550B0058D9B8 /* prover */,
			);
		};
/* End PBXProject section */

/* Begin PBXResourcesBuildPhase section */
		B1FE1B022C0F550B0058D9B8 /* Resources */ = {
			isa = PBXResourcesBuildPhase;
			buildActionMask = 2147483647;
			files = (
				B1FE1B142C0F550D0058D9B8 /* Assets.xcassets in Resources */,
				B1FE1B172C0F550D0058D9B8 /* Base in Resources */,
				B1FE1B272C0F55FB0058D9B8 /* witness.wtns in Resources */,
				B1FE1B292C0F58580058D9B8 /* multiplier2_0001.zkey in Resources */,
				B1FE1B122C0F550B0058D9B8 /* Base in Resources */,
			);
			runOnlyForDeploymentPostprocessing = 0;
		};
/* End PBXResourcesBuildPhase section */

/* Begin PBXSourcesBuildPhase section */
		B1FE1B002C0F550B0058D9B8 /* Sources */ = {
			isa = PBXSourcesBuildPhase;
			buildActionMask = 2147483647;
			files = (
				B1FE1B0F2C0F550B0058D9B8 /* ViewController.m in Sources */,
				B1FE1B092C0F550B0058D9B8 /* AppDelegate.m in Sources */,
				B1FE1B1A2C0F550D0058D9B8 /* main.m in Sources */,
				B1FE1B0C2C0F550B0058D9B8 /* SceneDelegate.m in Sources */,
			);
			runOnlyForDeploymentPostprocessing = 0;
		};
/* End PBXSourcesBuildPhase section */

/* Begin PBXVariantGroup section */
		B1FE1B102C0F550B0058D9B8 /* Main.storyboard */ = {
			isa = PBXVariantGroup;
			children = (
				B1FE1B112C0F550B0058D9B8 /* Base */,
			);
			name = Main.storyboard;
			sourceTree = "<group>";
		};
		B1FE1B152C0F550D0058D9B8 /* LaunchScreen.storyboard */ = {
			isa = PBXVariantGroup;
			children = (
				B1FE1B162C0F550D0058D9B8 /* Base */,
			);
			name = LaunchScreen.storyboard;
			sourceTree = "<group>";
		};
/* End PBXVariantGroup section */

/* Begin XCBuildConfiguration section */
		B1FE1B1B2C0F550D0058D9B8 /* Debug */ = {
			isa = XCBuildConfiguration;
			buildSettings = {
				ALWAYS_SEARCH_USER_PATHS = NO;
				ASSETCATALOG_COMPILER_GENERATE_SWIFT_ASSET_SYMBOL_EXTENSIONS = YES;
				CLANG_ANALYZER_NONNULL = YES;
				CLANG_ANALYZER_NUMBER_OBJECT_CONVERSION = YES_AGGRESSIVE;
				CLANG_CXX_LANGUAGE_STANDARD = "gnu++20";
				CLANG_ENABLE_MODULES = YES;
				CLANG_ENABLE_OBJC_ARC = YES;
				CLANG_ENABLE_OBJC_WEAK = YES;
				CLANG_WARN_BLOCK_CAPTURE_AUTORELEASING = YES;
				CLANG_WARN_BOOL_CONVERSION = YES;
				CLANG_WARN_COMMA = YES;
				CLANG_WARN_CONSTANT_CONVERSION = YES;
				CLANG_WARN_DEPRECATED_OBJC_IMPLEMENTATIONS = YES;
				CLANG_WARN_DIRECT_OBJC_ISA_USAGE = YES_ERROR;
				CLANG_WARN_DOCUMENTATION_COMMENTS = YES;
				CLANG_WARN_EMPTY_BODY = YES;
				CLANG_WARN_ENUM_CONVERSION = YES;
				CLANG_WARN_INFINITE_RECURSION = YES;
				CLANG_WARN_INT_CONVERSION = YES;
				CLANG_WARN_NON_LITERAL_NULL_CONVERSION = YES;
				CLANG_WARN_OBJC_IMPLICIT_RETAIN_SELF = YES;
				CLANG_WARN_OBJC_LITERAL_CONVERSION = YES;
				CLANG_WARN_OBJC_ROOT_CLASS = YES_ERROR;
				CLANG_WARN_QUOTED_INCLUDE_IN_FRAMEWORK_HEADER = YES;
				CLANG_WARN_RANGE_LOOP_ANALYSIS = YES;
				CLANG_WARN_STRICT_PROTOTYPES = YES;
				CLANG_WARN_SUSPICIOUS_MOVE = YES;
				CLANG_WARN_UNGUARDED_AVAILABILITY = YES_AGGRESSIVE;
				CLANG_WARN_UNREACHABLE_CODE = YES;
				CLANG_WARN__DUPLICATE_METHOD_MATCH = YES;
				COPY_PHASE_STRIP = NO;
				DEBUG_INFORMATION_FORMAT = dwarf;
				ENABLE_STRICT_OBJC_MSGSEND = YES;
				ENABLE_TESTABILITY = YES;
				ENABLE_USER_SCRIPT_SANDBOXING = YES;
				GCC_C_LANGUAGE_STANDARD = gnu17;
				GCC_DYNAMIC_NO_PIC = NO;
				GCC_NO_COMMON_BLOCKS = YES;
				GCC_OPTIMIZATION_LEVEL = 0;
				GCC_PREPROCESSOR_DEFINITIONS = (
					"DEBUG=1",
					"$(inherited)",
				);
				GCC_WARN_64_TO_32_BIT_CONVERSION = YES;
				GCC_WARN_ABOUT_RETURN_TYPE = YES_ERROR;
				GCC_WARN_UNDECLARED_SELECTOR = YES;
				GCC_WARN_UNINITIALIZED_AUTOS = YES_AGGRESSIVE;
				GCC_WARN_UNUSED_FUNCTION = YES;
				GCC_WARN_UNUSED_VARIABLE = YES;
				IPHONEOS_DEPLOYMENT_TARGET = 17.5;
				LOCALIZATION_PREFERS_STRING_CATALOGS = YES;
				MTL_ENABLE_DEBUG_INFO = INCLUDE_SOURCE;
				MTL_FAST_MATH = YES;
				ONLY_ACTIVE_ARCH = YES;
				SDKROOT = iphoneos;
			};
			name = Debug;
		};
		B1FE1B1C2C0F550D0058D9B8 /* Release */ = {
			isa = XCBuildConfiguration;
			buildSettings = {
				ALWAYS_SEARCH_USER_PATHS = NO;
				ASSETCATALOG_COMPILER_GENERATE_SWIFT_ASSET_SYMBOL_EXTENSIONS = YES;
				CLANG_ANALYZER_NONNULL = YES;
				CLANG_ANALYZER_NUMBER_OBJECT_CONVERSION = YES_AGGRESSIVE;
				CLANG_CXX_LANGUAGE_STANDARD = "gnu++20";
				CLANG_ENABLE_MODULES = YES;
				CLANG_ENABLE_OBJC_ARC = YES;
				CLANG_ENABLE_OBJC_WEAK = YES;
				CLANG_WARN_BLOCK_CAPTURE_AUTORELEASING = YES;
				CLANG_WARN_BOOL_CONVERSION = YES;
				CLANG_WARN_COMMA = YES;
				CLANG_WARN_CONSTANT_CONVERSION = YES;
				CLANG_WARN_DEPRECATED_OBJC_IMPLEMENTATIONS = YES;
				CLANG_WARN_DIRECT_OBJC_ISA_USAGE = YES_ERROR;
				CLANG_WARN_DOCUMENTATION_COMMENTS = YES;
				CLANG_WARN_EMPTY_BODY = YES;
				CLANG_WARN_ENUM_CONVERSION = YES;
				CLANG_WARN_INFINITE_RECURSION = YES;
				CLANG_WARN_INT_CONVERSION = YES;
				CLANG_WARN_NON_LITERAL_NULL_CONVERSION = YES;
				CLANG_WARN_OBJC_IMPLICIT_RETAIN_SELF = YES;
				CLANG_WARN_OBJC_LITERAL_CONVERSION = YES;
				CLANG_WARN_OBJC_ROOT_CLASS = YES_ERROR;
				CLANG_WARN_QUOTED_INCLUDE_IN_FRAMEWORK_HEADER = YES;
				CLANG_WARN_RANGE_LOOP_ANALYSIS = YES;
				CLANG_WARN_STRICT_PROTOTYPES = YES;
				CLANG_WARN_SUSPICIOUS_MOVE = YES;
				CLANG_WARN_UNGUARDED_AVAILABILITY = YES_AGGRESSIVE;
				CLANG_WARN_UNREACHABLE_CODE = YES;
				CLANG_WARN__DUPLICATE_METHOD_MATCH = YES;
				COPY_PHASE_STRIP = NO;
				DEBUG_INFORMATION_FORMAT = "dwarf-with-dsym";
				ENABLE_NS_ASSERTIONS = NO;
				ENABLE_STRICT_OBJC_MSGSEND = YES;
				ENABLE_USER_SCRIPT_SANDBOXING = YES;
				GCC_C_LANGUAGE_STANDARD = gnu17;
				GCC_NO_COMMON_BLOCKS = YES;
				GCC_WARN_64_TO_32_BIT_CONVERSION = YES;
				GCC_WARN_ABOUT_RETURN_TYPE = YES_ERROR;
				GCC_WARN_UNDECLARED_SELECTOR = YES;
				GCC_WARN_UNINITIALIZED_AUTOS = YES_AGGRESSIVE;
				GCC_WARN_UNUSED_FUNCTION = YES;
				GCC_WARN_UNUSED_VARIABLE = YES;
				IPHONEOS_DEPLOYMENT_TARGET = 17.5;
				LOCALIZATION_PREFERS_STRING_CATALOGS = YES;
				MTL_ENABLE_DEBUG_INFO = NO;
				MTL_FAST_MATH = YES;
				SDKROOT = iphoneos;
				VALIDATE_PRODUCT = YES;
			};
			name = Release;
		};
		B1FE1B1E2C0F550D0058D9B8 /* Debug */ = {
			isa = XCBuildConfiguration;
			buildSettings = {
				ASSETCATALOG_COMPILER_APPICON_NAME = AppIcon;
				ASSETCATALOG_COMPILER_GLOBAL_ACCENT_COLOR_NAME = AccentColor;
				CODE_SIGN_STYLE = Automatic;
				CURRENT_PROJECT_VERSION = 1;
				DEVELOPMENT_TEAM = RPH9JS3TFD;
				GENERATE_INFOPLIST_FILE = YES;
				INFOPLIST_FILE = prover/Info.plist;
				INFOPLIST_KEY_UIApplicationSupportsIndirectInputEvents = YES;
				INFOPLIST_KEY_UILaunchStoryboardName = LaunchScreen;
				INFOPLIST_KEY_UIMainStoryboardFile = Main;
				INFOPLIST_KEY_UISupportedInterfaceOrientations_iPad = "UIInterfaceOrientationPortrait UIInterfaceOrientationPortraitUpsideDown UIInterfaceOrientationLandscapeLeft UIInterfaceOrientationLandscapeRight";
				INFOPLIST_KEY_UISupportedInterfaceOrientations_iPhone = "UIInterfaceOrientationPortrait UIInterfaceOrientationLandscapeLeft UIInterfaceOrientationLandscapeRight";
				LD_RUNPATH_SEARCH_PATHS = (
					"$(inherited)",
					"@executable_path/Frameworks",
				);
				LIBRARY_SEARCH_PATHS = (
					"$(inherited)",
					"$(PROJECT_DIR)/cpp",
				);
				MARKETING_VERSION = 1.0;
				PRODUCT_BUNDLE_IDENTIFIER = com.witnessgenerator.fish.prover;
				PRODUCT_NAME = "$(TARGET_NAME)";
				SWIFT_EMIT_LOC_STRINGS = YES;
				TARGETED_DEVICE_FAMILY = "1,2";
			};
			name = Debug;
		};
		B1FE1B1F2C0F550D0058D9B8 /* Release */ = {
			isa = XCBuildConfiguration;
			buildSettings = {
				ASSETCATALOG_COMPILER_APPICON_NAME = AppIcon;
				ASSETCATALOG_COMPILER_GLOBAL_ACCENT_COLOR_NAME = AccentColor;
				CODE_SIGN_STYLE = Automatic;
				CURRENT_PROJECT_VERSION = 1;
				DEVELOPMENT_TEAM = RPH9JS3TFD;
				GENERATE_INFOPLIST_FILE = YES;
				INFOPLIST_FILE = prover/Info.plist;
				INFOPLIST_KEY_UIApplicationSupportsIndirectInputEvents = YES;
				INFOPLIST_KEY_UILaunchStoryboardName = LaunchScreen;
				INFOPLIST_KEY_UIMainStoryboardFile = Main;
				INFOPLIST_KEY_UISupportedInterfaceOrientations_iPad = "UIInterfaceOrientationPortrait UIInterfaceOrientationPortraitUpsideDown UIInterfaceOrientationLandscapeLeft UIInterfaceOrientationLandscapeRight";
				INFOPLIST_KEY_UISupportedInterfaceOrientations_iPhone = "UIInterfaceOrientationPortrait UIInterfaceOrientationLandscapeLeft UIInterfaceOrientationLandscapeRight";
				LD_RUNPATH_SEARCH_PATHS = (
					"$(inherited)",
					"@executable_path/Frameworks",
				);
				LIBRARY_SEARCH_PATHS = (
					"$(inherited)",
					"$(PROJECT_DIR)/cpp",
				);
				MARKETING_VERSION = 1.0;
				PRODUCT_BUNDLE_IDENTIFIER = com.witnessgenerator.fish.prover;
				PRODUCT_NAME = "$(TARGET_NAME)";
				SWIFT_EMIT_LOC_STRINGS = YES;
				TARGETED_DEVICE_FAMILY = "1,2";
			};
			name = Release;
		};
/* End XCBuildConfiguration section */

/* Begin XCConfigurationList section */
		B1FE1AFF2C0F550B0058D9B8 /* Build configuration list for PBXProject "prover" */ = {
			isa = XCConfigurationList;
			buildConfigurations = (
				B1FE1B1B2C0F550D0058D9B8 /* Debug */,
				B1FE1B1C2C0F550D0058D9B8 /* Release */,
			);
			defaultConfigurationIsVisible = 0;
			defaultConfigurationName = Release;
		};
		B1FE1B1D2C0F550D0058D9B8 /* Build configuration list for PBXNativeTarget "prover" */ = {
			isa = XCConfigurationList;
			buildConfigurations = (
				B1FE1B1E2C0F550D0058D9B8 /* Debug */,
				B1FE1B1F2C0F550D0058D9B8 /* Release */,
			);
			defaultConfigurationIsVisible = 0;
			defaultConfigurationName = Release;
		};
/* End XCConfigurationList section */
	};
	rootObject = B1FE1AFC2C0F550B0058D9B8 /* Project object */;
}
