// !$*UTF8*$!
{
	archiveVersion = 1;
	classes = {
	};
	objectVersion = 56;
	objects = {

/* Begin PBXBuildFile section */
		B1FE1A8E2C0F418F0058D9B8 /* AppDelegate.m in Sources */ = {isa = PBXBuildFile; fileRef = B1FE1A8D2C0F418F0058D9B8 /* AppDelegate.m */; };
		B1FE1A912C0F418F0058D9B8 /* SceneDelegate.m in Sources */ = {isa = PBXBuildFile; fileRef = B1FE1A902C0F418F0058D9B8 /* SceneDelegate.m */; };
		B1FE1A942C0F418F0058D9B8 /* ViewController.m in Sources */ = {isa = PBXBuildFile; fileRef = B1FE1A932C0F418F0058D9B8 /* ViewController.m */; };
		B1FE1A972C0F418F0058D9B8 /* Base in Resources */ = {isa = PBXBuildFile; fileRef = B1FE1A962C0F418F0058D9B8 /* Base */; };
		B1FE1A992C0F41900058D9B8 /* Assets.xcassets in Resources */ = {isa = PBXBuildFile; fileRef = B1FE1A982C0F41900058D9B8 /* Assets.xcassets */; };
		B1FE1A9C2C0F41900058D9B8 /* Base in Resources */ = {isa = PBXBuildFile; fileRef = B1FE1A9B2C0F41900058D9B8 /* Base */; };
		B1FE1A9F2C0F41900058D9B8 /* main.m in Sources */ = {isa = PBXBuildFile; fileRef = B1FE1A9E2C0F41900058D9B8 /* main.m */; };
		B1FE1AB12C0F42070058D9B8 /* calcwit.cpp in Sources */ = {isa = PBXBuildFile; fileRef = B1FE1AA52C0F42070058D9B8 /* calcwit.cpp */; };
		B1FE1AB22C0F42070058D9B8 /* fr_raw_arm64.s in Sources */ = {isa = PBXBuildFile; fileRef = B1FE1AA82C0F42070058D9B8 /* fr_raw_arm64.s */; };
		B1FE1AB32C0F42070058D9B8 /* fr.cpp in Sources */ = {isa = PBXBuildFile; fileRef = B1FE1AA92C0F42070058D9B8 /* fr.cpp */; };
		B1FE1AB42C0F42070058D9B8 /* libgmp.a in Frameworks */ = {isa = PBXBuildFile; fileRef = B1FE1AAC2C0F42070058D9B8 /* libgmp.a */; };
		B1FE1AB52C0F42070058D9B8 /* work.cpp in Sources */ = {isa = PBXBuildFile; fileRef = B1FE1AAD2C0F42070058D9B8 /* work.cpp */; };
		B1FE1AB62C0F42070058D9B8 /* multiplier2.cpp in Sources */ = {isa = PBXBuildFile; fileRef = B1FE1AAE2C0F42070058D9B8 /* multiplier2.cpp */; };
		B1FE1AB72C0F42070058D9B8 /* multiplier2.dat in Resources */ = {isa = PBXBuildFile; fileRef = B1FE1AAF2C0F42070058D9B8 /* multiplier2.dat */; };
		B1FE1AF62C0F467D0058D9B8 /* fr_generic.cpp in Sources */ = {isa = PBXBuildFile; fileRef = B1FE1AF52C0F467D0058D9B8 /* fr_generic.cpp */; };
		B1FE1AFA2C0F48420058D9B8 /* input.json in Resources */ = {isa = PBXBuildFile; fileRef = B1FE1AF92C0F48420058D9B8 /* input.json */; };
/* End PBXBuildFile section */

/* Begin PBXFileReference section */
		B1FE1A892C0F418F0058D9B8 /* witnessgenerator.app */ = {isa = PBXFileReference; explicitFileType = wrapper.application; includeInIndex = 0; path = witnessgenerator.app; sourceTree = BUILT_PRODUCTS_DIR; };
		B1FE1A8C2C0F418F0058D9B8 /* AppDelegate.h */ = {isa = PBXFileReference; lastKnownFileType = sourcecode.c.h; path = AppDelegate.h; sourceTree = "<group>"; };
		B1FE1A8D2C0F418F0058D9B8 /* AppDelegate.m */ = {isa = PBXFileReference; lastKnownFileType = sourcecode.c.objc; path = AppDelegate.m; sourceTree = "<group>"; };
		B1FE1A8F2C0F418F0058D9B8 /* SceneDelegate.h */ = {isa = PBXFileReference; lastKnownFileType = sourcecode.c.h; path = SceneDelegate.h; sourceTree = "<group>"; };
		B1FE1A902C0F418F0058D9B8 /* SceneDelegate.m */ = {isa = PBXFileReference; lastKnownFileType = sourcecode.c.objc; path = SceneDelegate.m; sourceTree = "<group>"; };
		B1FE1A922C0F418F0058D9B8 /* ViewController.h */ = {isa = PBXFileReference; lastKnownFileType = sourcecode.c.h; path = ViewController.h; sourceTree = "<group>"; };
		B1FE1A932C0F418F0058D9B8 /* ViewController.m */ = {isa = PBXFileReference; lastKnownFileType = sourcecode.c.objc; path = ViewController.m; sourceTree = "<group>"; };
		B1FE1A962C0F418F0058D9B8 /* Base */ = {isa = PBXFileReference; lastKnownFileType = file.storyboard; name = Base; path = Base.lproj/Main.storyboard; sourceTree = "<group>"; };
		B1FE1A982C0F41900058D9B8 /* Assets.xcassets */ = {isa = PBXFileReference; lastKnownFileType = folder.assetcatalog; path = Assets.xcassets; sourceTree = "<group>"; };
		B1FE1A9B2C0F41900058D9B8 /* Base */ = {isa = PBXFileReference; lastKnownFileType = file.storyboard; name = Base; path = Base.lproj/LaunchScreen.storyboard; sourceTree = "<group>"; };
		B1FE1A9D2C0F41900058D9B8 /* Info.plist */ = {isa = PBXFileReference; lastKnownFileType = text.plist.xml; path = Info.plist; sourceTree = "<group>"; };
		B1FE1A9E2C0F41900058D9B8 /* main.m */ = {isa = PBXFileReference; lastKnownFileType = sourcecode.c.objc; path = main.m; sourceTree = "<group>"; };
		B1FE1AA52C0F42070058D9B8 /* calcwit.cpp */ = {isa = PBXFileReference; fileEncoding = 4; lastKnownFileType = sourcecode.cpp.cpp; path = calcwit.cpp; sourceTree = "<group>"; };
		B1FE1AA62C0F42070058D9B8 /* calcwit.hpp */ = {isa = PBXFileReference; fileEncoding = 4; lastKnownFileType = sourcecode.cpp.h; path = calcwit.hpp; sourceTree = "<group>"; };
		B1FE1AA72C0F42070058D9B8 /* circom.hpp */ = {isa = PBXFileReference; fileEncoding = 4; lastKnownFileType = sourcecode.cpp.h; path = circom.hpp; sourceTree = "<group>"; };
		B1FE1AA82C0F42070058D9B8 /* fr_raw_arm64.s */ = {isa = PBXFileReference; fileEncoding = 4; lastKnownFileType = sourcecode.asm; path = fr_raw_arm64.s; sourceTree = "<group>"; };
		B1FE1AA92C0F42070058D9B8 /* fr.cpp */ = {isa = PBXFileReference; fileEncoding = 4; lastKnownFileType = sourcecode.cpp.cpp; path = fr.cpp; sourceTree = "<group>"; };
		B1FE1AAA2C0F42070058D9B8 /* fr.hpp */ = {isa = PBXFileReference; fileEncoding = 4; lastKnownFileType = sourcecode.cpp.h; path = fr.hpp; sourceTree = "<group>"; };
		B1FE1AAB2C0F42070058D9B8 /* gmp.h */ = {isa = PBXFileReference; fileEncoding = 4; lastKnownFileType = sourcecode.c.h; path = gmp.h; sourceTree = "<group>"; };
		B1FE1AAC2C0F42070058D9B8 /* libgmp.a */ = {isa = PBXFileReference; lastKnownFileType = archive.ar; path = libgmp.a; sourceTree = "<group>"; };
		B1FE1AAD2C0F42070058D9B8 /* work.cpp */ = {isa = PBXFileReference; fileEncoding = 4; lastKnownFileType = sourcecode.cpp.cpp; path = work.cpp; sourceTree = "<group>"; };
		B1FE1AAE2C0F42070058D9B8 /* multiplier2.cpp */ = {isa = PBXFileReference; fileEncoding = 4; lastKnownFileType = sourcecode.cpp.cpp; path = multiplier2.cpp; sourceTree = "<group>"; };
		B1FE1AAF2C0F42070058D9B8 /* multiplier2.dat */ = {isa = PBXFileReference; lastKnownFileType = file; path = multiplier2.dat; sourceTree = "<group>"; };
		B1FE1AB82C0F42470058D9B8 /* from_json.hpp */ = {isa = PBXFileReference; fileEncoding = 4; lastKnownFileType = sourcecode.cpp.h; path = from_json.hpp; sourceTree = "<group>"; };
		B1FE1AB92C0F42470058D9B8 /* to_chars.hpp */ = {isa = PBXFileReference; fileEncoding = 4; lastKnownFileType = sourcecode.cpp.h; path = to_chars.hpp; sourceTree = "<group>"; };
		B1FE1ABA2C0F42470058D9B8 /* to_json.hpp */ = {isa = PBXFileReference; fileEncoding = 4; lastKnownFileType = sourcecode.cpp.h; path = to_json.hpp; sourceTree = "<group>"; };
		B1FE1ABC2C0F42470058D9B8 /* binary_reader.hpp */ = {isa = PBXFileReference; fileEncoding = 4; lastKnownFileType = sourcecode.cpp.h; path = binary_reader.hpp; sourceTree = "<group>"; };
		B1FE1ABD2C0F42470058D9B8 /* input_adapters.hpp */ = {isa = PBXFileReference; fileEncoding = 4; lastKnownFileType = sourcecode.cpp.h; path = input_adapters.hpp; sourceTree = "<group>"; };
		B1FE1ABE2C0F42470058D9B8 /* json_sax.hpp */ = {isa = PBXFileReference; fileEncoding = 4; lastKnownFileType = sourcecode.cpp.h; path = json_sax.hpp; sourceTree = "<group>"; };
		B1FE1ABF2C0F42470058D9B8 /* lexer.hpp */ = {isa = PBXFileReference; fileEncoding = 4; lastKnownFileType = sourcecode.cpp.h; path = lexer.hpp; sourceTree = "<group>"; };
		B1FE1AC02C0F42470058D9B8 /* parser.hpp */ = {isa = PBXFileReference; fileEncoding = 4; lastKnownFileType = sourcecode.cpp.h; path = parser.hpp; sourceTree = "<group>"; };
		B1FE1AC12C0F42470058D9B8 /* position_t.hpp */ = {isa = PBXFileReference; fileEncoding = 4; lastKnownFileType = sourcecode.cpp.h; path = position_t.hpp; sourceTree = "<group>"; };
		B1FE1AC32C0F42470058D9B8 /* internal_iterator.hpp */ = {isa = PBXFileReference; fileEncoding = 4; lastKnownFileType = sourcecode.cpp.h; path = internal_iterator.hpp; sourceTree = "<group>"; };
		B1FE1AC42C0F42470058D9B8 /* iter_impl.hpp */ = {isa = PBXFileReference; fileEncoding = 4; lastKnownFileType = sourcecode.cpp.h; path = iter_impl.hpp; sourceTree = "<group>"; };
		B1FE1AC52C0F42470058D9B8 /* iteration_proxy.hpp */ = {isa = PBXFileReference; fileEncoding = 4; lastKnownFileType = sourcecode.cpp.h; path = iteration_proxy.hpp; sourceTree = "<group>"; };
		B1FE1AC62C0F42470058D9B8 /* iterator_traits.hpp */ = {isa = PBXFileReference; fileEncoding = 4; lastKnownFileType = sourcecode.cpp.h; path = iterator_traits.hpp; sourceTree = "<group>"; };
		B1FE1AC72C0F42470058D9B8 /* json_reverse_iterator.hpp */ = {isa = PBXFileReference; fileEncoding = 4; lastKnownFileType = sourcecode.cpp.h; path = json_reverse_iterator.hpp; sourceTree = "<group>"; };
		B1FE1AC82C0F42470058D9B8 /* primitive_iterator.hpp */ = {isa = PBXFileReference; fileEncoding = 4; lastKnownFileType = sourcecode.cpp.h; path = primitive_iterator.hpp; sourceTree = "<group>"; };
		B1FE1ACA2C0F42470058D9B8 /* begin.hpp */ = {isa = PBXFileReference; fileEncoding = 4; lastKnownFileType = sourcecode.cpp.h; path = begin.hpp; sourceTree = "<group>"; };
		B1FE1ACB2C0F42470058D9B8 /* end.hpp */ = {isa = PBXFileReference; fileEncoding = 4; lastKnownFileType = sourcecode.cpp.h; path = end.hpp; sourceTree = "<group>"; };
		B1FE1ACD2C0F42470058D9B8 /* cpp_future.hpp */ = {isa = PBXFileReference; fileEncoding = 4; lastKnownFileType = sourcecode.cpp.h; path = cpp_future.hpp; sourceTree = "<group>"; };
		B1FE1ACE2C0F42470058D9B8 /* detected.hpp */ = {isa = PBXFileReference; fileEncoding = 4; lastKnownFileType = sourcecode.cpp.h; path = detected.hpp; sourceTree = "<group>"; };
		B1FE1ACF2C0F42470058D9B8 /* identity_tag.hpp */ = {isa = PBXFileReference; fileEncoding = 4; lastKnownFileType = sourcecode.cpp.h; path = identity_tag.hpp; sourceTree = "<group>"; };
		B1FE1AD02C0F42470058D9B8 /* is_sax.hpp */ = {isa = PBXFileReference; fileEncoding = 4; lastKnownFileType = sourcecode.cpp.h; path = is_sax.hpp; sourceTree = "<group>"; };
		B1FE1AD12C0F42470058D9B8 /* std_fs.hpp */ = {isa = PBXFileReference; fileEncoding = 4; lastKnownFileType = sourcecode.cpp.h; path = std_fs.hpp; sourceTree = "<group>"; };
		B1FE1AD22C0F42470058D9B8 /* type_traits.hpp */ = {isa = PBXFileReference; fileEncoding = 4; lastKnownFileType = sourcecode.cpp.h; path = type_traits.hpp; sourceTree = "<group>"; };
		B1FE1AD32C0F42470058D9B8 /* void_t.hpp */ = {isa = PBXFileReference; fileEncoding = 4; lastKnownFileType = sourcecode.cpp.h; path = void_t.hpp; sourceTree = "<group>"; };
		B1FE1AD52C0F42470058D9B8 /* binary_writer.hpp */ = {isa = PBXFileReference; fileEncoding = 4; lastKnownFileType = sourcecode.cpp.h; path = binary_writer.hpp; sourceTree = "<group>"; };
		B1FE1AD62C0F42470058D9B8 /* output_adapters.hpp */ = {isa = PBXFileReference; fileEncoding = 4; lastKnownFileType = sourcecode.cpp.h; path = output_adapters.hpp; sourceTree = "<group>"; };
		B1FE1AD72C0F42470058D9B8 /* serializer.hpp */ = {isa = PBXFileReference; fileEncoding = 4; lastKnownFileType = sourcecode.cpp.h; path = serializer.hpp; sourceTree = "<group>"; };
		B1FE1AD92C0F42470058D9B8 /* abi_macros.hpp */ = {isa = PBXFileReference; fileEncoding = 4; lastKnownFileType = sourcecode.cpp.h; path = abi_macros.hpp; sourceTree = "<group>"; };
		B1FE1ADA2C0F42470058D9B8 /* exceptions.hpp */ = {isa = PBXFileReference; fileEncoding = 4; lastKnownFileType = sourcecode.cpp.h; path = exceptions.hpp; sourceTree = "<group>"; };
		B1FE1ADB2C0F42470058D9B8 /* hash.hpp */ = {isa = PBXFileReference; fileEncoding = 4; lastKnownFileType = sourcecode.cpp.h; path = hash.hpp; sourceTree = "<group>"; };
		B1FE1ADC2C0F42470058D9B8 /* json_custom_base_class.hpp */ = {isa = PBXFileReference; fileEncoding = 4; lastKnownFileType = sourcecode.cpp.h; path = json_custom_base_class.hpp; sourceTree = "<group>"; };
		B1FE1ADD2C0F42470058D9B8 /* json_pointer.hpp */ = {isa = PBXFileReference; fileEncoding = 4; lastKnownFileType = sourcecode.cpp.h; path = json_pointer.hpp; sourceTree = "<group>"; };
		B1FE1ADE2C0F42470058D9B8 /* json_ref.hpp */ = {isa = PBXFileReference; fileEncoding = 4; lastKnownFileType = sourcecode.cpp.h; path = json_ref.hpp; sourceTree = "<group>"; };
		B1FE1ADF2C0F42470058D9B8 /* macro_scope.hpp */ = {isa = PBXFileReference; fileEncoding = 4; lastKnownFileType = sourcecode.cpp.h; path = macro_scope.hpp; sourceTree = "<group>"; };
		B1FE1AE02C0F42470058D9B8 /* macro_unscope.hpp */ = {isa = PBXFileReference; fileEncoding = 4; lastKnownFileType = sourcecode.cpp.h; path = macro_unscope.hpp; sourceTree = "<group>"; };
		B1FE1AE12C0F42470058D9B8 /* string_concat.hpp */ = {isa = PBXFileReference; fileEncoding = 4; lastKnownFileType = sourcecode.cpp.h; path = string_concat.hpp; sourceTree = "<group>"; };
		B1FE1AE22C0F42470058D9B8 /* string_escape.hpp */ = {isa = PBXFileReference; fileEncoding = 4; lastKnownFileType = sourcecode.cpp.h; path = string_escape.hpp; sourceTree = "<group>"; };
		B1FE1AE32C0F42470058D9B8 /* value_t.hpp */ = {isa = PBXFileReference; fileEncoding = 4; lastKnownFileType = sourcecode.cpp.h; path = value_t.hpp; sourceTree = "<group>"; };
		B1FE1AE52C0F42470058D9B8 /* hedley_undef.hpp */ = {isa = PBXFileReference; fileEncoding = 4; lastKnownFileType = sourcecode.cpp.h; path = hedley_undef.hpp; sourceTree = "<group>"; };
		B1FE1AE62C0F42470058D9B8 /* hedley.hpp */ = {isa = PBXFileReference; fileEncoding = 4; lastKnownFileType = sourcecode.cpp.h; path = hedley.hpp; sourceTree = "<group>"; };
		B1FE1AE92C0F42470058D9B8 /* adl_serializer.hpp */ = {isa = PBXFileReference; fileEncoding = 4; lastKnownFileType = sourcecode.cpp.h; path = adl_serializer.hpp; sourceTree = "<group>"; };
		B1FE1AEA2C0F42470058D9B8 /* byte_container_with_subtype.hpp */ = {isa = PBXFileReference; fileEncoding = 4; lastKnownFileType = sourcecode.cpp.h; path = byte_container_with_subtype.hpp; sourceTree = "<group>"; };
		B1FE1AEB2C0F42470058D9B8 /* json_fwd.hpp */ = {isa = PBXFileReference; fileEncoding = 4; lastKnownFileType = sourcecode.cpp.h; path = json_fwd.hpp; sourceTree = "<group>"; };
		B1FE1AEC2C0F42470058D9B8 /* json.hpp */ = {isa = PBXFileReference; fileEncoding = 4; lastKnownFileType = sourcecode.cpp.h; path = json.hpp; sourceTree = "<group>"; };
		B1FE1AED2C0F42470058D9B8 /* ordered_map.hpp */ = {isa = PBXFileReference; fileEncoding = 4; lastKnownFileType = sourcecode.cpp.h; path = ordered_map.hpp; sourceTree = "<group>"; };
		B1FE1AEF2C0F42C60058D9B8 /* work.h */ = {isa = PBXFileReference; lastKnownFileType = sourcecode.c.h; path = work.h; sourceTree = "<group>"; };
		B1FE1AF02C0F44AC0058D9B8 /* fr_element.hpp */ = {isa = PBXFileReference; lastKnownFileType = sourcecode.cpp.h; path = fr_element.hpp; sourceTree = "<group>"; };
		B1FE1AF52C0F467D0058D9B8 /* fr_generic.cpp */ = {isa = PBXFileReference; fileEncoding = 4; lastKnownFileType = sourcecode.cpp.cpp; path = fr_generic.cpp; sourceTree = "<group>"; };
		B1FE1AF92C0F48420058D9B8 /* input.json */ = {isa = PBXFileReference; fileEncoding = 4; lastKnownFileType = text.json; path = input.json; sourceTree = "<group>"; };
/* End PBXFileReference section */

/* Begin PBXFrameworksBuildPhase section */
		B1FE1A862C0F418F0058D9B8 /* Frameworks */ = {
			isa = PBXFrameworksBuildPhase;
			buildActionMask = 2147483647;
			files = (
				B1FE1AB42C0F42070058D9B8 /* libgmp.a in Frameworks */,
			);
			runOnlyForDeploymentPostprocessing = 0;
		};
/* End PBXFrameworksBuildPhase section */

/* Begin PBXGroup section */
		B1FE1A802C0F418F0058D9B8 = {
			isa = PBXGroup;
			children = (
				B1FE1AEE2C0F42470058D9B8 /* nlohmann */,
				B1FE1AB02C0F42070058D9B8 /* cpp */,
				B1FE1A8B2C0F418F0058D9B8 /* witnessgenerator */,
				B1FE1A8A2C0F418F0058D9B8 /* Products */,
			);
			sourceTree = "<group>";
		};
		B1FE1A8A2C0F418F0058D9B8 /* Products */ = {
			isa = PBXGroup;
			children = (
				B1FE1A892C0F418F0058D9B8 /* witnessgenerator.app */,
			);
			name = Products;
			sourceTree = "<group>";
		};
		B1FE1A8B2C0F418F0058D9B8 /* witnessgenerator */ = {
			isa = PBXGroup;
			children = (
				B1FE1A8C2C0F418F0058D9B8 /* AppDelegate.h */,
				B1FE1A8D2C0F418F0058D9B8 /* AppDelegate.m */,
				B1FE1A8F2C0F418F0058D9B8 /* SceneDelegate.h */,
				B1FE1A902C0F418F0058D9B8 /* SceneDelegate.m */,
				B1FE1A922C0F418F0058D9B8 /* ViewController.h */,
				B1FE1A932C0F418F0058D9B8 /* ViewController.m */,
				B1FE1A952C0F418F0058D9B8 /* Main.storyboard */,
				B1FE1A982C0F41900058D9B8 /* Assets.xcassets */,
				B1FE1A9A2C0F41900058D9B8 /* LaunchScreen.storyboard */,
				B1FE1A9D2C0F41900058D9B8 /* Info.plist */,
				B1FE1A9E2C0F41900058D9B8 /* main.m */,
			);
			path = witnessgenerator;
			sourceTree = "<group>";
		};
		B1FE1AB02C0F42070058D9B8 /* cpp */ = {
			isa = PBXGroup;
			children = (
				B1FE1AF92C0F48420058D9B8 /* input.json */,
				B1FE1AF52C0F467D0058D9B8 /* fr_generic.cpp */,
				B1FE1AF02C0F44AC0058D9B8 /* fr_element.hpp */,
				B1FE1AA52C0F42070058D9B8 /* calcwit.cpp */,
				B1FE1AA62C0F42070058D9B8 /* calcwit.hpp */,
				B1FE1AA72C0F42070058D9B8 /* circom.hpp */,
				B1FE1AA82C0F42070058D9B8 /* fr_raw_arm64.s */,
				B1FE1AA92C0F42070058D9B8 /* fr.cpp */,
				B1FE1AAA2C0F42070058D9B8 /* fr.hpp */,
				B1FE1AAB2C0F42070058D9B8 /* gmp.h */,
				B1FE1AAC2C0F42070058D9B8 /* libgmp.a */,
				B1FE1AAD2C0F42070058D9B8 /* work.cpp */,
				B1FE1AAE2C0F42070058D9B8 /* multiplier2.cpp */,
				B1FE1AAF2C0F42070058D9B8 /* multiplier2.dat */,
				B1FE1AEF2C0F42C60058D9B8 /* work.h */,
			);
			path = cpp;
			sourceTree = "<group>";
		};
		B1FE1ABB2C0F42470058D9B8 /* conversions */ = {
			isa = PBXGroup;
			children = (
				B1FE1AB82C0F42470058D9B8 /* from_json.hpp */,
				B1FE1AB92C0F42470058D9B8 /* to_chars.hpp */,
				B1FE1ABA2C0F42470058D9B8 /* to_json.hpp */,
			);
			path = conversions;
			sourceTree = "<group>";
		};
		B1FE1AC22C0F42470058D9B8 /* input */ = {
			isa = PBXGroup;
			children = (
				B1FE1ABC2C0F42470058D9B8 /* binary_reader.hpp */,
				B1FE1ABD2C0F42470058D9B8 /* input_adapters.hpp */,
				B1FE1ABE2C0F42470058D9B8 /* json_sax.hpp */,
				B1FE1ABF2C0F42470058D9B8 /* lexer.hpp */,
				B1FE1AC02C0F42470058D9B8 /* parser.hpp */,
				B1FE1AC12C0F42470058D9B8 /* position_t.hpp */,
			);
			path = input;
			sourceTree = "<group>";
		};
		B1FE1AC92C0F42470058D9B8 /* iterators */ = {
			isa = PBXGroup;
			children = (
				B1FE1AC32C0F42470058D9B8 /* internal_iterator.hpp */,
				B1FE1AC42C0F42470058D9B8 /* iter_impl.hpp */,
				B1FE1AC52C0F42470058D9B8 /* iteration_proxy.hpp */,
				B1FE1AC62C0F42470058D9B8 /* iterator_traits.hpp */,
				B1FE1AC72C0F42470058D9B8 /* json_reverse_iterator.hpp */,
				B1FE1AC82C0F42470058D9B8 /* primitive_iterator.hpp */,
			);
			path = iterators;
			sourceTree = "<group>";
		};
		B1FE1ACC2C0F42470058D9B8 /* call_std */ = {
			isa = PBXGroup;
			children = (
				B1FE1ACA2C0F42470058D9B8 /* begin.hpp */,
				B1FE1ACB2C0F42470058D9B8 /* end.hpp */,
			);
			path = call_std;
			sourceTree = "<group>";
		};
		B1FE1AD42C0F42470058D9B8 /* meta */ = {
			isa = PBXGroup;
			children = (
				B1FE1ACC2C0F42470058D9B8 /* call_std */,
				B1FE1ACD2C0F42470058D9B8 /* cpp_future.hpp */,
				B1FE1ACE2C0F42470058D9B8 /* detected.hpp */,
				B1FE1ACF2C0F42470058D9B8 /* identity_tag.hpp */,
				B1FE1AD02C0F42470058D9B8 /* is_sax.hpp */,
				B1FE1AD12C0F42470058D9B8 /* std_fs.hpp */,
				B1FE1AD22C0F42470058D9B8 /* type_traits.hpp */,
				B1FE1AD32C0F42470058D9B8 /* void_t.hpp */,
			);
			path = meta;
			sourceTree = "<group>";
		};
		B1FE1AD82C0F42470058D9B8 /* output */ = {
			isa = PBXGroup;
			children = (
				B1FE1AD52C0F42470058D9B8 /* binary_writer.hpp */,
				B1FE1AD62C0F42470058D9B8 /* output_adapters.hpp */,
				B1FE1AD72C0F42470058D9B8 /* serializer.hpp */,
			);
			path = output;
			sourceTree = "<group>";
		};
		B1FE1AE42C0F42470058D9B8 /* detail */ = {
			isa = PBXGroup;
			children = (
				B1FE1ABB2C0F42470058D9B8 /* conversions */,
				B1FE1AC22C0F42470058D9B8 /* input */,
				B1FE1AC92C0F42470058D9B8 /* iterators */,
				B1FE1AD42C0F42470058D9B8 /* meta */,
				B1FE1AD82C0F42470058D9B8 /* output */,
				B1FE1AD92C0F42470058D9B8 /* abi_macros.hpp */,
				B1FE1ADA2C0F42470058D9B8 /* exceptions.hpp */,
				B1FE1ADB2C0F42470058D9B8 /* hash.hpp */,
				B1FE1ADC2C0F42470058D9B8 /* json_custom_base_class.hpp */,
				B1FE1ADD2C0F42470058D9B8 /* json_pointer.hpp */,
				B1FE1ADE2C0F42470058D9B8 /* json_ref.hpp */,
				B1FE1ADF2C0F42470058D9B8 /* macro_scope.hpp */,
				B1FE1AE02C0F42470058D9B8 /* macro_unscope.hpp */,
				B1FE1AE12C0F42470058D9B8 /* string_concat.hpp */,
				B1FE1AE22C0F42470058D9B8 /* string_escape.hpp */,
				B1FE1AE32C0F42470058D9B8 /* value_t.hpp */,
			);
			path = detail;
			sourceTree = "<group>";
		};
		B1FE1AE72C0F42470058D9B8 /* hedley */ = {
			isa = PBXGroup;
			children = (
				B1FE1AE52C0F42470058D9B8 /* hedley_undef.hpp */,
				B1FE1AE62C0F42470058D9B8 /* hedley.hpp */,
			);
			path = hedley;
			sourceTree = "<group>";
		};
		B1FE1AE82C0F42470058D9B8 /* thirdparty */ = {
			isa = PBXGroup;
			children = (
				B1FE1AE72C0F42470058D9B8 /* hedley */,
			);
			path = thirdparty;
			sourceTree = "<group>";
		};
		B1FE1AEE2C0F42470058D9B8 /* nlohmann */ = {
			isa = PBXGroup;
			children = (
				B1FE1AE42C0F42470058D9B8 /* detail */,
				B1FE1AE82C0F42470058D9B8 /* thirdparty */,
				B1FE1AE92C0F42470058D9B8 /* adl_serializer.hpp */,
				B1FE1AEA2C0F42470058D9B8 /* byte_container_with_subtype.hpp */,
				B1FE1AEB2C0F42470058D9B8 /* json_fwd.hpp */,
				B1FE1AEC2C0F42470058D9B8 /* json.hpp */,
				B1FE1AED2C0F42470058D9B8 /* ordered_map.hpp */,
			);
			path = nlohmann;
			sourceTree = "<group>";
		};
/* End PBXGroup section */

/* Begin PBXNativeTarget section */
		B1FE1A882C0F418F0058D9B8 /* witnessgenerator */ = {
			isa = PBXNativeTarget;
			buildConfigurationList = B1FE1AA22C0F41900058D9B8 /* Build configuration list for PBXNativeTarget "witnessgenerator" */;
			buildPhases = (
				B1FE1A852C0F418F0058D9B8 /* Sources */,
				B1FE1A862C0F418F0058D9B8 /* Frameworks */,
				B1FE1A872C0F418F0058D9B8 /* Resources */,
			);
			buildRules = (
			);
			dependencies = (
			);
			name = witnessgenerator;
			productName = witnessgenerator;
			productReference = B1FE1A892C0F418F0058D9B8 /* witnessgenerator.app */;
			productType = "com.apple.product-type.application";
		};
/* End PBXNativeTarget section */

/* Begin PBXProject section */
		B1FE1A812C0F418F0058D9B8 /* Project object */ = {
			isa = PBXProject;
			attributes = {
				BuildIndependentTargetsInParallel = 1;
				LastUpgradeCheck = 1540;
				TargetAttributes = {
					B1FE1A882C0F418F0058D9B8 = {
						CreatedOnToolsVersion = 15.4;
					};
				};
			};
			buildConfigurationList = B1FE1A842C0F418F0058D9B8 /* Build configuration list for PBXProject "witnessgenerator" */;
			compatibilityVersion = "Xcode 14.0";
			developmentRegion = en;
			hasScannedForEncodings = 0;
			knownRegions = (
				en,
				Base,
			);
			mainGroup = B1FE1A802C0F418F0058D9B8;
			productRefGroup = B1FE1A8A2C0F418F0058D9B8 /* Products */;
			projectDirPath = "";
			projectRoot = "";
			targets = (
				B1FE1A882C0F418F0058D9B8 /* witnessgenerator */,
			);
		};
/* End PBXProject section */

/* Begin PBXResourcesBuildPhase section */
		B1FE1A872C0F418F0058D9B8 /* Resources */ = {
			isa = PBXResourcesBuildPhase;
			buildActionMask = 2147483647;
			files = (
				B1FE1A992C0F41900058D9B8 /* Assets.xcassets in Resources */,
				B1FE1A9C2C0F41900058D9B8 /* Base in Resources */,
				B1FE1A972C0F418F0058D9B8 /* Base in Resources */,
				B1FE1AB72C0F42070058D9B8 /* multiplier2.dat in Resources */,
				B1FE1AFA2C0F48420058D9B8 /* input.json in Resources */,
			);
			runOnlyForDeploymentPostprocessing = 0;
		};
/* End PBXResourcesBuildPhase section */

/* Begin PBXSourcesBuildPhase section */
		B1FE1A852C0F418F0058D9B8 /* Sources */ = {
			isa = PBXSourcesBuildPhase;
			buildActionMask = 2147483647;
			files = (
				B1FE1A942C0F418F0058D9B8 /* ViewController.m in Sources */,
				B1FE1A8E2C0F418F0058D9B8 /* AppDelegate.m in Sources */,
				B1FE1AB62C0F42070058D9B8 /* multiplier2.cpp in Sources */,
				B1FE1AF62C0F467D0058D9B8 /* fr_generic.cpp in Sources */,
				B1FE1AB12C0F42070058D9B8 /* calcwit.cpp in Sources */,
				B1FE1A9F2C0F41900058D9B8 /* main.m in Sources */,
				B1FE1A912C0F418F0058D9B8 /* SceneDelegate.m in Sources */,
				B1FE1AB22C0F42070058D9B8 /* fr_raw_arm64.s in Sources */,
				B1FE1AB52C0F42070058D9B8 /* work.cpp in Sources */,
				B1FE1AB32C0F42070058D9B8 /* fr.cpp in Sources */,
			);
			runOnlyForDeploymentPostprocessing = 0;
		};
/* End PBXSourcesBuildPhase section */

/* Begin PBXVariantGroup section */
		B1FE1A952C0F418F0058D9B8 /* Main.storyboard */ = {
			isa = PBXVariantGroup;
			children = (
				B1FE1A962C0F418F0058D9B8 /* Base */,
			);
			name = Main.storyboard;
			sourceTree = "<group>";
		};
		B1FE1A9A2C0F41900058D9B8 /* LaunchScreen.storyboard */ = {
			isa = PBXVariantGroup;
			children = (
				B1FE1A9B2C0F41900058D9B8 /* Base */,
			);
			name = LaunchScreen.storyboard;
			sourceTree = "<group>";
		};
/* End PBXVariantGroup section */

/* Begin XCBuildConfiguration section */
		B1FE1AA02C0F41900058D9B8 /* Debug */ = {
			isa = XCBuildConfiguration;
			buildSettings = {
				ALWAYS_SEARCH_USER_PATHS = NO;
				ASSETCATALOG_COMPILER_GENERATE_SWIFT_ASSET_SYMBOL_EXTENSIONS = YES;
				CLANG_ANALYZER_NONNULL = YES;
				CLANG_ANALYZER_NUMBER_OBJECT_CONVERSION = YES_AGGRESSIVE;
				CLANG_CXX_LANGUAGE_STANDARD = "gnu++20";
				CLANG_ENABLE_MODULES = YES;
				CLANG_ENABLE_OBJC_ARC = YES;
				CLANG_ENABLE_OBJC_WEAK = YES;
				CLANG_WARN_BLOCK_CAPTURE_AUTORELEASING = YES;
				CLANG_WARN_BOOL_CONVERSION = YES;
				CLANG_WARN_COMMA = YES;
				CLANG_WARN_CONSTANT_CONVERSION = YES;
				CLANG_WARN_DEPRECATED_OBJC_IMPLEMENTATIONS = YES;
				CLANG_WARN_DIRECT_OBJC_ISA_USAGE = YES_ERROR;
				CLANG_WARN_DOCUMENTATION_COMMENTS = YES;
				CLANG_WARN_EMPTY_BODY = YES;
				CLANG_WARN_ENUM_CONVERSION = YES;
				CLANG_WARN_INFINITE_RECURSION = YES;
				CLANG_WARN_INT_CONVERSION = YES;
				CLANG_WARN_NON_LITERAL_NULL_CONVERSION = YES;
				CLANG_WARN_OBJC_IMPLICIT_RETAIN_SELF = YES;
				CLANG_WARN_OBJC_LITERAL_CONVERSION = YES;
				CLANG_WARN_OBJC_ROOT_CLASS = YES_ERROR;
				CLANG_WARN_QUOTED_INCLUDE_IN_FRAMEWORK_HEADER = YES;
				CLANG_WARN_RANGE_LOOP_ANALYSIS = YES;
				CLANG_WARN_STRICT_PROTOTYPES = YES;
				CLANG_WARN_SUSPICIOUS_MOVE = YES;
				CLANG_WARN_UNGUARDED_AVAILABILITY = YES_AGGRESSIVE;
				CLANG_WARN_UNREACHABLE_CODE = YES;
				CLANG_WARN__DUPLICATE_METHOD_MATCH = YES;
				COPY_PHASE_STRIP = NO;
				DEBUG_INFORMATION_FORMAT = dwarf;
				ENABLE_STRICT_OBJC_MSGSEND = YES;
				ENABLE_TESTABILITY = YES;
				ENABLE_USER_SCRIPT_SANDBOXING = YES;
				GCC_C_LANGUAGE_STANDARD = gnu17;
				GCC_DYNAMIC_NO_PIC = NO;
				GCC_NO_COMMON_BLOCKS = YES;
				GCC_OPTIMIZATION_LEVEL = 0;
				GCC_PREPROCESSOR_DEFINITIONS = (
					"DEBUG=1",
					"$(inherited)",
				);
				GCC_WARN_64_TO_32_BIT_CONVERSION = YES;
				GCC_WARN_ABOUT_RETURN_TYPE = YES_ERROR;
				GCC_WARN_UNDECLARED_SELECTOR = YES;
				GCC_WARN_UNINITIALIZED_AUTOS = YES_AGGRESSIVE;
				GCC_WARN_UNUSED_FUNCTION = YES;
				GCC_WARN_UNUSED_VARIABLE = YES;
				IPHONEOS_DEPLOYMENT_TARGET = 17.5;
				LOCALIZATION_PREFERS_STRING_CATALOGS = YES;
				MTL_ENABLE_DEBUG_INFO = INCLUDE_SOURCE;
				MTL_FAST_MATH = YES;
				ONLY_ACTIVE_ARCH = YES;
				SDKROOT = iphoneos;
			};
			name = Debug;
		};
		B1FE1AA12C0F41900058D9B8 /* Release */ = {
			isa = XCBuildConfiguration;
			buildSettings = {
				ALWAYS_SEARCH_USER_PATHS = NO;
				ASSETCATALOG_COMPILER_GENERATE_SWIFT_ASSET_SYMBOL_EXTENSIONS = YES;
				CLANG_ANALYZER_NONNULL = YES;
				CLANG_ANALYZER_NUMBER_OBJECT_CONVERSION = YES_AGGRESSIVE;
				CLANG_CXX_LANGUAGE_STANDARD = "gnu++20";
				CLANG_ENABLE_MODULES = YES;
				CLANG_ENABLE_OBJC_ARC = YES;
				CLANG_ENABLE_OBJC_WEAK = YES;
				CLANG_WARN_BLOCK_CAPTURE_AUTORELEASING = YES;
				CLANG_WARN_BOOL_CONVERSION = YES;
				CLANG_WARN_COMMA = YES;
				CLANG_WARN_CONSTANT_CONVERSION = YES;
				CLANG_WARN_DEPRECATED_OBJC_IMPLEMENTATIONS = YES;
				CLANG_WARN_DIRECT_OBJC_ISA_USAGE = YES_ERROR;
				CLANG_WARN_DOCUMENTATION_COMMENTS = YES;
				CLANG_WARN_EMPTY_BODY = YES;
				CLANG_WARN_ENUM_CONVERSION = YES;
				CLANG_WARN_INFINITE_RECURSION = YES;
				CLANG_WARN_INT_CONVERSION = YES;
				CLANG_WARN_NON_LITERAL_NULL_CONVERSION = YES;
				CLANG_WARN_OBJC_IMPLICIT_RETAIN_SELF = YES;
				CLANG_WARN_OBJC_LITERAL_CONVERSION = YES;
				CLANG_WARN_OBJC_ROOT_CLASS = YES_ERROR;
				CLANG_WARN_QUOTED_INCLUDE_IN_FRAMEWORK_HEADER = YES;
				CLANG_WARN_RANGE_LOOP_ANALYSIS = YES;
				CLANG_WARN_STRICT_PROTOTYPES = YES;
				CLANG_WARN_SUSPICIOUS_MOVE = YES;
				CLANG_WARN_UNGUARDED_AVAILABILITY = YES_AGGRESSIVE;
				CLANG_WARN_UNREACHABLE_CODE = YES;
				CLANG_WARN__DUPLICATE_METHOD_MATCH = YES;
				COPY_PHASE_STRIP = NO;
				DEBUG_INFORMATION_FORMAT = "dwarf-with-dsym";
				ENABLE_NS_ASSERTIONS = NO;
				ENABLE_STRICT_OBJC_MSGSEND = YES;
				ENABLE_USER_SCRIPT_SANDBOXING = YES;
				GCC_C_LANGUAGE_STANDARD = gnu17;
				GCC_NO_COMMON_BLOCKS = YES;
				GCC_WARN_64_TO_32_BIT_CONVERSION = YES;
				GCC_WARN_ABOUT_RETURN_TYPE = YES_ERROR;
				GCC_WARN_UNDECLARED_SELECTOR = YES;
				GCC_WARN_UNINITIALIZED_AUTOS = YES_AGGRESSIVE;
				GCC_WARN_UNUSED_FUNCTION = YES;
				GCC_WARN_UNUSED_VARIABLE = YES;
				IPHONEOS_DEPLOYMENT_TARGET = 17.5;
				LOCALIZATION_PREFERS_STRING_CATALOGS = YES;
				MTL_ENABLE_DEBUG_INFO = NO;
				MTL_FAST_MATH = YES;
				SDKROOT = iphoneos;
				VALIDATE_PRODUCT = YES;
			};
			name = Release;
		};
		B1FE1AA32C0F41900058D9B8 /* Debug */ = {
			isa = XCBuildConfiguration;
			buildSettings = {
				ASSETCATALOG_COMPILER_APPICON_NAME = AppIcon;
				ASSETCATALOG_COMPILER_GLOBAL_ACCENT_COLOR_NAME = AccentColor;
				CODE_SIGN_STYLE = Automatic;
				CURRENT_PROJECT_VERSION = 1;
				DEVELOPMENT_TEAM = RPH9JS3TFD;
				GENERATE_INFOPLIST_FILE = YES;
				INFOPLIST_FILE = witnessgenerator/Info.plist;
				INFOPLIST_KEY_UIApplicationSupportsIndirectInputEvents = YES;
				INFOPLIST_KEY_UILaunchStoryboardName = LaunchScreen;
				INFOPLIST_KEY_UIMainStoryboardFile = Main;
				INFOPLIST_KEY_UISupportedInterfaceOrientations_iPad = "UIInterfaceOrientationPortrait UIInterfaceOrientationPortraitUpsideDown UIInterfaceOrientationLandscapeLeft UIInterfaceOrientationLandscapeRight";
				INFOPLIST_KEY_UISupportedInterfaceOrientations_iPhone = "UIInterfaceOrientationPortrait UIInterfaceOrientationLandscapeLeft UIInterfaceOrientationLandscapeRight";
				LD_RUNPATH_SEARCH_PATHS = (
					"$(inherited)",
					"@executable_path/Frameworks",
				);
				LIBRARY_SEARCH_PATHS = (
					"$(inherited)",
					"$(PROJECT_DIR)/cpp",
				);
				MARKETING_VERSION = 1.0;
				OTHER_LDFLAGS = "-Wl,-stack_size,0x1000000";
				PRODUCT_BUNDLE_IDENTIFIER = com.witnessgenerator.fish.witnessgenerator;
				PRODUCT_NAME = "$(TARGET_NAME)";
				SWIFT_EMIT_LOC_STRINGS = YES;
				SYSTEM_HEADER_SEARCH_PATHS = "$(SRCROOT)";
				TARGETED_DEVICE_FAMILY = "1,2";
			};
			name = Debug;
		};
		B1FE1AA42C0F41900058D9B8 /* Release */ = {
			isa = XCBuildConfiguration;
			buildSettings = {
				ASSETCATALOG_COMPILER_APPICON_NAME = AppIcon;
				ASSETCATALOG_COMPILER_GLOBAL_ACCENT_COLOR_NAME = AccentColor;
				CODE_SIGN_STYLE = Automatic;
				CURRENT_PROJECT_VERSION = 1;
				DEVELOPMENT_TEAM = RPH9JS3TFD;
				GENERATE_INFOPLIST_FILE = YES;
				INFOPLIST_FILE = witnessgenerator/Info.plist;
				INFOPLIST_KEY_UIApplicationSupportsIndirectInputEvents = YES;
				INFOPLIST_KEY_UILaunchStoryboardName = LaunchScreen;
				INFOPLIST_KEY_UIMainStoryboardFile = Main;
				INFOPLIST_KEY_UISupportedInterfaceOrientations_iPad = "UIInterfaceOrientationPortrait UIInterfaceOrientationPortraitUpsideDown UIInterfaceOrientationLandscapeLeft UIInterfaceOrientationLandscapeRight";
				INFOPLIST_KEY_UISupportedInterfaceOrientations_iPhone = "UIInterfaceOrientationPortrait UIInterfaceOrientationLandscapeLeft UIInterfaceOrientationLandscapeRight";
				LD_RUNPATH_SEARCH_PATHS = (
					"$(inherited)",
					"@executable_path/Frameworks",
				);
				LIBRARY_SEARCH_PATHS = (
					"$(inherited)",
					"$(PROJECT_DIR)/cpp",
				);
				MARKETING_VERSION = 1.0;
				OTHER_LDFLAGS = "-Wl,-stack_size,0x1000000";
				PRODUCT_BUNDLE_IDENTIFIER = com.witnessgenerator.fish.witnessgenerator;
				PRODUCT_NAME = "$(TARGET_NAME)";
				SWIFT_EMIT_LOC_STRINGS = YES;
				SYSTEM_HEADER_SEARCH_PATHS = "$(SRCROOT)";
				TARGETED_DEVICE_FAMILY = "1,2";
			};
			name = Release;
		};
/* End XCBuildConfiguration section */

/* Begin XCConfigurationList section */
		B1FE1A842C0F418F0058D9B8 /* Build configuration list for PBXProject "witnessgenerator" */ = {
			isa = XCConfigurationList;
			buildConfigurations = (
				B1FE1AA02C0F41900058D9B8 /* Debug */,
				B1FE1AA12C0F41900058D9B8 /* Release */,
			);
			defaultConfigurationIsVisible = 0;
			defaultConfigurationName = Release;
		};
		B1FE1AA22C0F41900058D9B8 /* Build configuration list for PBXNativeTarget "witnessgenerator" */ = {
			isa = XCConfigurationList;
			buildConfigurations = (
				B1FE1AA32C0F41900058D9B8 /* Debug */,
				B1FE1AA42C0F41900058D9B8 /* Release */,
			);
			defaultConfigurationIsVisible = 0;
			defaultConfigurationName = Release;
		};
/* End XCConfigurationList section */
	};
	rootObject = B1FE1A812C0F418F0058D9B8 /* Project object */;
}
